// !$*UTF8*$!
{
	archiveVersion = 1;
	classes = {
	};
	objectVersion = 56;
	objects = {

/* Begin PBXBuildFile section */
		CEF7767B2A2C608800491F25 /* AppDelegate.swift in Sources */ = {isa = PBXBuildFile; fileRef = CEF7767A2A2C608800491F25 /* AppDelegate.swift */; };
		CEF7767D2A2C608800491F25 /* SceneDelegate.swift in Sources */ = {isa = PBXBuildFile; fileRef = CEF7767C2A2C608800491F25 /* SceneDelegate.swift */; };
		CEF7767F2A2C608800491F25 /* ViewController.swift in Sources */ = {isa = PBXBuildFile; fileRef = CEF7767E2A2C608800491F25 /* ViewController.swift */; };
		CEF776822A2C608800491F25 /* Main.storyboard in Resources */ = {isa = PBXBuildFile; fileRef = CEF776802A2C608800491F25 /* Main.storyboard */; };
		CEF776842A2C608B00491F25 /* Assets.xcassets in Resources */ = {isa = PBXBuildFile; fileRef = CEF776832A2C608B00491F25 /* Assets.xcassets */; };
		CEF776872A2C608B00491F25 /* LaunchScreen.storyboard in Resources */ = {isa = PBXBuildFile; fileRef = CEF776852A2C608B00491F25 /* LaunchScreen.storyboard */; };
		CEF7768F2A2C6D3700491F25 /* TableViewController.swift in Sources */ = {isa = PBXBuildFile; fileRef = CEF7768E2A2C6D3700491F25 /* TableViewController.swift */; };
		CEF776912A2C740500491F25 /* GraphViewController.swift in Sources */ = {isa = PBXBuildFile; fileRef = CEF776902A2C740500491F25 /* GraphViewController.swift */; };
		F531F736E74693C1F9134525 /* Pods_TaskCheck.framework in Frameworks */ = {isa = PBXBuildFile; fileRef = C51FF9BCA212D7BD353DB0D3 /* Pods_TaskCheck.framework */; };
/* End PBXBuildFile section */

/* Begin PBXFileReference section */
		04643E6235DFFE554EEC37C3 /* Pods-TaskCheck.debug.xcconfig */ = {isa = PBXFileReference; includeInIndex = 1; lastKnownFileType = text.xcconfig; name = "Pods-TaskCheck.debug.xcconfig"; path = "Target Support Files/Pods-TaskCheck/Pods-TaskCheck.debug.xcconfig"; sourceTree = "<group>"; };
		2B74C38A757059616ADE641C /* Pods-TaskCheck.release.xcconfig */ = {isa = PBXFileReference; includeInIndex = 1; lastKnownFileType = text.xcconfig; name = "Pods-TaskCheck.release.xcconfig"; path = "Target Support Files/Pods-TaskCheck/Pods-TaskCheck.release.xcconfig"; sourceTree = "<group>"; };
		C51FF9BCA212D7BD353DB0D3 /* Pods_TaskCheck.framework */ = {isa = PBXFileReference; explicitFileType = wrapper.framework; includeInIndex = 0; path = Pods_TaskCheck.framework; sourceTree = BUILT_PRODUCTS_DIR; };
		CEF776772A2C608800491F25 /* TaskCheck.app */ = {isa = PBXFileReference; explicitFileType = wrapper.application; includeInIndex = 0; path = TaskCheck.app; sourceTree = BUILT_PRODUCTS_DIR; };
		CEF7767A2A2C608800491F25 /* AppDelegate.swift */ = {isa = PBXFileReference; lastKnownFileType = sourcecode.swift; path = AppDelegate.swift; sourceTree = "<group>"; };
		CEF7767C2A2C608800491F25 /* SceneDelegate.swift */ = {isa = PBXFileReference; lastKnownFileType = sourcecode.swift; path = SceneDelegate.swift; sourceTree = "<group>"; };
		CEF7767E2A2C608800491F25 /* ViewController.swift */ = {isa = PBXFileReference; lastKnownFileType = sourcecode.swift; path = ViewController.swift; sourceTree = "<group>"; };
		CEF776812A2C608800491F25 /* Base */ = {isa = PBXFileReference; lastKnownFileType = file.storyboard; name = Base; path = Base.lproj/Main.storyboard; sourceTree = "<group>"; };
		CEF776832A2C608B00491F25 /* Assets.xcassets */ = {isa = PBXFileReference; lastKnownFileType = folder.assetcatalog; path = Assets.xcassets; sourceTree = "<group>"; };
		CEF776862A2C608B00491F25 /* Base */ = {isa = PBXFileReference; lastKnownFileType = file.storyboard; name = Base; path = Base.lproj/LaunchScreen.storyboard; sourceTree = "<group>"; };
		CEF776882A2C608B00491F25 /* Info.plist */ = {isa = PBXFileReference; lastKnownFileType = text.plist.xml; path = Info.plist; sourceTree = "<group>"; };
		CEF7768E2A2C6D3700491F25 /* TableViewController.swift */ = {isa = PBXFileReference; lastKnownFileType = sourcecode.swift; path = TableViewController.swift; sourceTree = "<group>"; };
		CEF776902A2C740500491F25 /* GraphViewController.swift */ = {isa = PBXFileReference; lastKnownFileType = sourcecode.swift; path = GraphViewController.swift; sourceTree = "<group>"; };
/* End PBXFileReference section */

/* Begin PBXFrameworksBuildPhase section */
		CEF776742A2C608800491F25 /* Frameworks */ = {
			isa = PBXFrameworksBuildPhase;
			buildActionMask = 2147483647;
			files = (
				F531F736E74693C1F9134525 /* Pods_TaskCheck.framework in Frameworks */,
			);
			runOnlyForDeploymentPostprocessing = 0;
		};
/* End PBXFrameworksBuildPhase section */

/* Begin PBXGroup section */
		028B448790AD4CEB9DB778F8 /* Frameworks */ = {
			isa = PBXGroup;
			children = (
				C51FF9BCA212D7BD353DB0D3 /* Pods_TaskCheck.framework */,
			);
			name = Frameworks;
			sourceTree = "<group>";
		};
		C6C072FA217E225D34E333A0 /* Pods */ = {
			isa = PBXGroup;
			children = (
				04643E6235DFFE554EEC37C3 /* Pods-TaskCheck.debug.xcconfig */,
				2B74C38A757059616ADE641C /* Pods-TaskCheck.release.xcconfig */,
			);
			path = Pods;
			sourceTree = "<group>";
		};
		CEF7766E2A2C608800491F25 = {
			isa = PBXGroup;
			children = (
				CEF776792A2C608800491F25 /* TaskCheck */,
				CEF776782A2C608800491F25 /* Products */,
				C6C072FA217E225D34E333A0 /* Pods */,
				028B448790AD4CEB9DB778F8 /* Frameworks */,
			);
			sourceTree = "<group>";
		};
		CEF776782A2C608800491F25 /* Products */ = {
			isa = PBXGroup;
			children = (
				CEF776772A2C608800491F25 /* TaskCheck.app */,
			);
			name = Products;
			sourceTree = "<group>";
		};
		CEF776792A2C608800491F25 /* TaskCheck */ = {
			isa = PBXGroup;
			children = (
				CEF7767A2A2C608800491F25 /* AppDelegate.swift */,
				CEF7767C2A2C608800491F25 /* SceneDelegate.swift */,
				CEF7767E2A2C608800491F25 /* ViewController.swift */,
				CEF776802A2C608800491F25 /* Main.storyboard */,
				CEF776832A2C608B00491F25 /* Assets.xcassets */,
				CEF776852A2C608B00491F25 /* LaunchScreen.storyboard */,
				CEF776882A2C608B00491F25 /* Info.plist */,
				CEF7768E2A2C6D3700491F25 /* TableViewController.swift */,
				CEF776902A2C740500491F25 /* GraphViewController.swift */,
			);
			path = TaskCheck;
			sourceTree = "<group>";
		};
/* End PBXGroup section */

/* Begin PBXNativeTarget section */
		CEF776762A2C608800491F25 /* TaskCheck */ = {
			isa = PBXNativeTarget;
			buildConfigurationList = CEF7768B2A2C608B00491F25 /* Build configuration list for PBXNativeTarget "TaskCheck" */;
			buildPhases = (
				7B9334787699EE23DE134780 /* [CP] Check Pods Manifest.lock */,
				CEF776732A2C608800491F25 /* Sources */,
				CEF776742A2C608800491F25 /* Frameworks */,
				CEF776752A2C608800491F25 /* Resources */,
				7B1A8FAD0DCD5675F0827EC5 /* [CP] Embed Pods Frameworks */,
			);
			buildRules = (
			);
			dependencies = (
			);
			name = TaskCheck;
			productName = TaskCheck;
			productReference = CEF776772A2C608800491F25 /* TaskCheck.app */;
			productType = "com.apple.product-type.application";
		};
/* End PBXNativeTarget section */

/* Begin PBXProject section */
		CEF7766F2A2C608800491F25 /* Project object */ = {
			isa = PBXProject;
			attributes = {
				BuildIndependentTargetsInParallel = 1;
				LastSwiftUpdateCheck = 1430;
				LastUpgradeCheck = 1430;
				TargetAttributes = {
					CEF776762A2C608800491F25 = {
						CreatedOnToolsVersion = 14.3;
					};
				};
			};
			buildConfigurationList = CEF776722A2C608800491F25 /* Build configuration list for PBXProject "TaskCheck" */;
			compatibilityVersion = "Xcode 14.0";
			developmentRegion = en;
			hasScannedForEncodings = 0;
			knownRegions = (
				en,
				Base,
			);
			mainGroup = CEF7766E2A2C608800491F25;
			productRefGroup = CEF776782A2C608800491F25 /* Products */;
			projectDirPath = "";
			projectRoot = "";
			targets = (
				CEF776762A2C608800491F25 /* TaskCheck */,
			);
		};
/* End PBXProject section */

/* Begin PBXResourcesBuildPhase section */
		CEF776752A2C608800491F25 /* Resources */ = {
			isa = PBXResourcesBuildPhase;
			buildActionMask = 2147483647;
			files = (
				CEF776872A2C608B00491F25 /* LaunchScreen.storyboard in Resources */,
				CEF776842A2C608B00491F25 /* Assets.xcassets in Resources */,
				CEF776822A2C608800491F25 /* Main.storyboard in Resources */,
			);
			runOnlyForDeploymentPostprocessing = 0;
		};
/* End PBXResourcesBuildPhase section */

/* Begin PBXShellScriptBuildPhase section */
		7B1A8FAD0DCD5675F0827EC5 /* [CP] Embed Pods Frameworks */ = {
			isa = PBXShellScriptBuildPhase;
			buildActionMask = 2147483647;
			files = (
			);
			inputFileListPaths = (
				"${PODS_ROOT}/Target Support Files/Pods-TaskCheck/Pods-TaskCheck-frameworks-${CONFIGURATION}-input-files.xcfilelist",
			);
			name = "[CP] Embed Pods Frameworks";
			outputFileListPaths = (
				"${PODS_ROOT}/Target Support Files/Pods-TaskCheck/Pods-TaskCheck-frameworks-${CONFIGURATION}-output-files.xcfilelist",
			);
			runOnlyForDeploymentPostprocessing = 0;
			shellPath = /bin/sh;
			shellScript = "\"${PODS_ROOT}/Target Support Files/Pods-TaskCheck/Pods-TaskCheck-frameworks.sh\"\n";
			showEnvVarsInLog = 0;
		};
		7B9334787699EE23DE134780 /* [CP] Check Pods Manifest.lock */ = {
			isa = PBXShellScriptBuildPhase;
			buildActionMask = 2147483647;
			files = (
			);
			inputFileListPaths = (
			);
			inputPaths = (
				"${PODS_PODFILE_DIR_PATH}/Podfile.lock",
				"${PODS_ROOT}/Manifest.lock",
			);
			name = "[CP] Check Pods Manifest.lock";
			outputFileListPaths = (
			);
			outputPaths = (
				"$(DERIVED_FILE_DIR)/Pods-TaskCheck-checkManifestLockResult.txt",
			);
			runOnlyForDeploymentPostprocessing = 0;
			shellPath = /bin/sh;
			shellScript = "diff \"${PODS_PODFILE_DIR_PATH}/Podfile.lock\" \"${PODS_ROOT}/Manifest.lock\" > /dev/null\nif [ $? != 0 ] ; then\n    # print error to STDERR\n    echo \"error: The sandbox is not in sync with the Podfile.lock. Run 'pod install' or update your CocoaPods installation.\" >&2\n    exit 1\nfi\n# This output is used by Xcode 'outputs' to avoid re-running this script phase.\necho \"SUCCESS\" > \"${SCRIPT_OUTPUT_FILE_0}\"\n";
			showEnvVarsInLog = 0;
		};
/* End PBXShellScriptBuildPhase section */

/* Begin PBXSourcesBuildPhase section */
		CEF776732A2C608800491F25 /* Sources */ = {
			isa = PBXSourcesBuildPhase;
			buildActionMask = 2147483647;
			files = (
				CEF7767F2A2C608800491F25 /* ViewController.swift in Sources */,
				CEF776912A2C740500491F25 /* GraphViewController.swift in Sources */,
				CEF7767B2A2C608800491F25 /* AppDelegate.swift in Sources */,
				CEF7767D2A2C608800491F25 /* SceneDelegate.swift in Sources */,
				CEF7768F2A2C6D3700491F25 /* TableViewController.swift in Sources */,
			);
			runOnlyForDeploymentPostprocessing = 0;
		};
/* End PBXSourcesBuildPhase section */

/* Begin PBXVariantGroup section */
		CEF776802A2C608800491F25 /* Main.storyboard */ = {
			isa = PBXVariantGroup;
			children = (
				CEF776812A2C608800491F25 /* Base */,
			);
			name = Main.storyboard;
			sourceTree = "<group>";
		};
		CEF776852A2C608B00491F25 /* LaunchScreen.storyboard */ = {
			isa = PBXVariantGroup;
			children = (
				CEF776862A2C608B00491F25 /* Base */,
			);
			name = LaunchScreen.storyboard;
			sourceTree = "<group>";
		};
/* End PBXVariantGroup section */

/* Begin XCBuildConfiguration section */
		CEF776892A2C608B00491F25 /* Debug */ = {
			isa = XCBuildConfiguration;
			buildSettings = {
				ALWAYS_SEARCH_USER_PATHS = NO;
				CLANG_ANALYZER_NONNULL = YES;
				CLANG_ANALYZER_NUMBER_OBJECT_CONVERSION = YES_AGGRESSIVE;
				CLANG_CXX_LANGUAGE_STANDARD = "gnu++20";
				CLANG_ENABLE_MODULES = YES;
				CLANG_ENABLE_OBJC_ARC = YES;
				CLANG_ENABLE_OBJC_WEAK = YES;
				CLANG_WARN_BLOCK_CAPTURE_AUTORELEASING = YES;
				CLANG_WARN_BOOL_CONVERSION = YES;
				CLANG_WARN_COMMA = YES;
				CLANG_WARN_CONSTANT_CONVERSION = YES;
				CLANG_WARN_DEPRECATED_OBJC_IMPLEMENTATIONS = YES;
				CLANG_WARN_DIRECT_OBJC_ISA_USAGE = YES_ERROR;
				CLANG_WARN_DOCUMENTATION_COMMENTS = YES;
				CLANG_WARN_EMPTY_BODY = YES;
				CLANG_WARN_ENUM_CONVERSION = YES;
				CLANG_WARN_INFINITE_RECURSION = YES;
				CLANG_WARN_INT_CONVERSION = YES;
				CLANG_WARN_NON_LITERAL_NULL_CONVERSION = YES;
				CLANG_WARN_OBJC_IMPLICIT_RETAIN_SELF = YES;
				CLANG_WARN_OBJC_LITERAL_CONVERSION = YES;
				CLANG_WARN_OBJC_ROOT_CLASS = YES_ERROR;
				CLANG_WARN_QUOTED_INCLUDE_IN_FRAMEWORK_HEADER = YES;
				CLANG_WARN_RANGE_LOOP_ANALYSIS = YES;
				CLANG_WARN_STRICT_PROTOTYPES = YES;
				CLANG_WARN_SUSPICIOUS_MOVE = YES;
				CLANG_WARN_UNGUARDED_AVAILABILITY = YES_AGGRESSIVE;
				CLANG_WARN_UNREACHABLE_CODE = YES;
				CLANG_WARN__DUPLICATE_METHOD_MATCH = YES;
				COPY_PHASE_STRIP = NO;
				DEBUG_INFORMATION_FORMAT = dwarf;
				ENABLE_STRICT_OBJC_MSGSEND = YES;
				ENABLE_TESTABILITY = YES;
				GCC_C_LANGUAGE_STANDARD = gnu11;
				GCC_DYNAMIC_NO_PIC = NO;
				GCC_NO_COMMON_BLOCKS = YES;
				GCC_OPTIMIZATION_LEVEL = 0;
				GCC_PREPROCESSOR_DEFINITIONS = (
					"DEBUG=1",
					"$(inherited)",
				);
				GCC_WARN_64_TO_32_BIT_CONVERSION = YES;
				GCC_WARN_ABOUT_RETURN_TYPE = YES_ERROR;
				GCC_WARN_UNDECLARED_SELECTOR = YES;
				GCC_WARN_UNINITIALIZED_AUTOS = YES_AGGRESSIVE;
				GCC_WARN_UNUSED_FUNCTION = YES;
				GCC_WARN_UNUSED_VARIABLE = YES;
				IPHONEOS_DEPLOYMENT_TARGET = 16.4;
				MTL_ENABLE_DEBUG_INFO = INCLUDE_SOURCE;
				MTL_FAST_MATH = YES;
				ONLY_ACTIVE_ARCH = YES;
				SDKROOT = iphoneos;
				SWIFT_ACTIVE_COMPILATION_CONDITIONS = DEBUG;
				SWIFT_OPTIMIZATION_LEVEL = "-Onone";
			};
			name = Debug;
		};
		CEF7768A2A2C608B00491F25 /* Release */ = {
			isa = XCBuildConfiguration;
			buildSettings = {
				ALWAYS_SEARCH_USER_PATHS = NO;
				CLANG_ANALYZER_NONNULL = YES;
				CLANG_ANALYZER_NUMBER_OBJECT_CONVERSION = YES_AGGRESSIVE;
				CLANG_CXX_LANGUAGE_STANDARD = "gnu++20";
				CLANG_ENABLE_MODULES = YES;
				CLANG_ENABLE_OBJC_ARC = YES;
				CLANG_ENABLE_OBJC_WEAK = YES;
				CLANG_WARN_BLOCK_CAPTURE_AUTORELEASING = YES;
				CLANG_WARN_BOOL_CONVERSION = YES;
				CLANG_WARN_COMMA = YES;
				CLANG_WARN_CONSTANT_CONVERSION = YES;
				CLANG_WARN_DEPRECATED_OBJC_IMPLEMENTATIONS = YES;
				CLANG_WARN_DIRECT_OBJC_ISA_USAGE = YES_ERROR;
				CLANG_WARN_DOCUMENTATION_COMMENTS = YES;
				CLANG_WARN_EMPTY_BODY = YES;
				CLANG_WARN_ENUM_CONVERSION = YES;
				CLANG_WARN_INFINITE_RECURSION = YES;
				CLANG_WARN_INT_CONVERSION = YES;
				CLANG_WARN_NON_LITERAL_NULL_CONVERSION = YES;
				CLANG_WARN_OBJC_IMPLICIT_RETAIN_SELF = YES;
				CLANG_WARN_OBJC_LITERAL_CONVERSION = YES;
				CLANG_WARN_OBJC_ROOT_CLASS = YES_ERROR;
				CLANG_WARN_QUOTED_INCLUDE_IN_FRAMEWORK_HEADER = YES;
				CLANG_WARN_RANGE_LOOP_ANALYSIS = YES;
				CLANG_WARN_STRICT_PROTOTYPES = YES;
				CLANG_WARN_SUSPICIOUS_MOVE = YES;
				CLANG_WARN_UNGUARDED_AVAILABILITY = YES_AGGRESSIVE;
				CLANG_WARN_UNREACHABLE_CODE = YES;
				CLANG_WARN__DUPLICATE_METHOD_MATCH = YES;
				COPY_PHASE_STRIP = NO;
				DEBUG_INFORMATION_FORMAT = "dwarf-with-dsym";
				ENABLE_NS_ASSERTIONS = NO;
				ENABLE_STRICT_OBJC_MSGSEND = YES;
				GCC_C_LANGUAGE_STANDARD = gnu11;
				GCC_NO_COMMON_BLOCKS = YES;
				GCC_WARN_64_TO_32_BIT_CONVERSION = YES;
				GCC_WARN_ABOUT_RETURN_TYPE = YES_ERROR;
				GCC_WARN_UNDECLARED_SELECTOR = YES;
				GCC_WARN_UNINITIALIZED_AUTOS = YES_AGGRESSIVE;
				GCC_WARN_UNUSED_FUNCTION = YES;
				GCC_WARN_UNUSED_VARIABLE = YES;
				IPHONEOS_DEPLOYMENT_TARGET = 16.4;
				MTL_ENABLE_DEBUG_INFO = NO;
				MTL_FAST_MATH = YES;
				SDKROOT = iphoneos;
				SWIFT_COMPILATION_MODE = wholemodule;
				SWIFT_OPTIMIZATION_LEVEL = "-O";
				VALIDATE_PRODUCT = YES;
			};
			name = Release;
		};
		CEF7768C2A2C608B00491F25 /* Debug */ = {
			isa = XCBuildConfiguration;
			baseConfigurationReference = 04643E6235DFFE554EEC37C3 /* Pods-TaskCheck.debug.xcconfig */;
			buildSettings = {
				ASSETCATALOG_COMPILER_APPICON_NAME = AppIcon;
				ASSETCATALOG_COMPILER_GLOBAL_ACCENT_COLOR_NAME = AccentColor;
				CODE_SIGN_STYLE = Automatic;
				CURRENT_PROJECT_VERSION = 1;
				DEVELOPMENT_TEAM = RKHNP2A6C6;
				GENERATE_INFOPLIST_FILE = YES;
				INFOPLIST_FILE = TaskCheck/Info.plist;
				INFOPLIST_KEY_UIApplicationSupportsIndirectInputEvents = YES;
				INFOPLIST_KEY_UILaunchStoryboardName = LaunchScreen;
				INFOPLIST_KEY_UIMainStoryboardFile = Main;
				INFOPLIST_KEY_UISupportedInterfaceOrientations_iPad = "UIInterfaceOrientationPortrait UIInterfaceOrientationPortraitUpsideDown UIInterfaceOrientationLandscapeLeft UIInterfaceOrientationLandscapeRight";
				INFOPLIST_KEY_UISupportedInterfaceOrientations_iPhone = "UIInterfaceOrientationPortrait UIInterfaceOrientationLandscapeLeft UIInterfaceOrientationLandscapeRight";
				LD_RUNPATH_SEARCH_PATHS = (
					"$(inherited)",
					"@executable_path/Frameworks",
				);
				MARKETING_VERSION = 1.0;
				PRODUCT_BUNDLE_IDENTIFIER = "Swift-Beginners.TaskCheck";
				PRODUCT_NAME = "$(TARGET_NAME)";
				SWIFT_EMIT_LOC_STRINGS = YES;
				SWIFT_VERSION = 5.0;
				TARGETED_DEVICE_FAMILY = "1,2";
			};
			name = Debug;
		};
		CEF7768D2A2C608B00491F25 /* Release */ = {
			isa = XCBuildConfiguration;
			baseConfigurationReference = 2B74C38A757059616ADE641C /* Pods-TaskCheck.release.xcconfig */;
			buildSettings = {
				ASSETCATALOG_COMPILER_APPICON_NAME = AppIcon;
				ASSETCATALOG_COMPILER_GLOBAL_ACCENT_COLOR_NAME = AccentColor;
				CODE_SIGN_STYLE = Automatic;
				CURRENT_PROJECT_VERSION = 1;
				DEVELOPMENT_TEAM = RKHNP2A6C6;
				GENERATE_INFOPLIST_FILE = YES;
				INFOPLIST_FILE = TaskCheck/Info.plist;
				INFOPLIST_KEY_UIApplicationSupportsIndirectInputEvents = YES;
				INFOPLIST_KEY_UILaunchStoryboardName = LaunchScreen;
				INFOPLIST_KEY_UIMainStoryboardFile = Main;
				INFOPLIST_KEY_UISupportedInterfaceOrientations_iPad = "UIInterfaceOrientationPortrait UIInterfaceOrientationPortraitUpsideDown UIInterfaceOrientationLandscapeLeft UIInterfaceOrientationLandscapeRight";
				INFOPLIST_KEY_UISupportedInterfaceOrientations_iPhone = "UIInterfaceOrientationPortrait UIInterfaceOrientationLandscapeLeft UIInterfaceOrientationLandscapeRight";
				LD_RUNPATH_SEARCH_PATHS = (
					"$(inherited)",
					"@executable_path/Frameworks",
				);
				MARKETING_VERSION = 1.0;
				PRODUCT_BUNDLE_IDENTIFIER = "Swift-Beginners.TaskCheck";
				PRODUCT_NAME = "$(TARGET_NAME)";
				SWIFT_EMIT_LOC_STRINGS = YES;
				SWIFT_VERSION = 5.0;
				TARGETED_DEVICE_FAMILY = "1,2";
			};
			name = Release;
		};
/* End XCBuildConfiguration section */

/* Begin XCConfigurationList section */
		CEF776722A2C608800491F25 /* Build configuration list for PBXProject "TaskCheck" */ = {
			isa = XCConfigurationList;
			buildConfigurations = (
				CEF776892A2C608B00491F25 /* Debug */,
				CEF7768A2A2C608B00491F25 /* Release */,
			);
			defaultConfigurationIsVisible = 0;
			defaultConfigurationName = Release;
		};
		CEF7768B2A2C608B00491F25 /* Build configuration list for PBXNativeTarget "TaskCheck" */ = {
			isa = XCConfigurationList;
			buildConfigurations = (
				CEF7768C2A2C608B00491F25 /* Debug */,
				CEF7768D2A2C608B00491F25 /* Release */,
			);
			defaultConfigurationIsVisible = 0;
			defaultConfigurationName = Release;
		};
/* End XCConfigurationList section */
	};
	rootObject = CEF7766F2A2C608800491F25 /* Project object */;
}
